// !$*UTF8*$!
{
	archiveVersion = 1;
	classes = {
	};
	objectVersion = 46;
	objects = {

/* Begin PBXBuildFile section */
		FC36043A1991C18D008B0501 /* Foundation.framework in Frameworks */ = {isa = PBXBuildFile; fileRef = FC3604391991C18D008B0501 /* Foundation.framework */; };
		FC36043C1991C18D008B0501 /* CoreGraphics.framework in Frameworks */ = {isa = PBXBuildFile; fileRef = FC36043B1991C18D008B0501 /* CoreGraphics.framework */; };
		FC36043E1991C18D008B0501 /* UIKit.framework in Frameworks */ = {isa = PBXBuildFile; fileRef = FC36043D1991C18D008B0501 /* UIKit.framework */; };
		FC3604441991C18D008B0501 /* InfoPlist.strings in Resources */ = {isa = PBXBuildFile; fileRef = FC3604421991C18D008B0501 /* InfoPlist.strings */; };
		FC3604461991C18D008B0501 /* main.m in Sources */ = {isa = PBXBuildFile; fileRef = FC3604451991C18D008B0501 /* main.m */; };
		FC36044A1991C18D008B0501 /* BGMAppDelegate.m in Sources */ = {isa = PBXBuildFile; fileRef = FC3604491991C18D008B0501 /* BGMAppDelegate.m */; };
		FC36044D1991C18D008B0501 /* Main.storyboard in Resources */ = {isa = PBXBuildFile; fileRef = FC36044B1991C18D008B0501 /* Main.storyboard */; };
		FC3604501991C18D008B0501 /* BGMViewController.m in Sources */ = {isa = PBXBuildFile; fileRef = FC36044F1991C18D008B0501 /* BGMViewController.m */; };
		FC3604521991C18D008B0501 /* Images.xcassets in Resources */ = {isa = PBXBuildFile; fileRef = FC3604511991C18D008B0501 /* Images.xcassets */; };
		FC3604591991C18D008B0501 /* XCTest.framework in Frameworks */ = {isa = PBXBuildFile; fileRef = FC3604581991C18D008B0501 /* XCTest.framework */; };
		FC36045A1991C18D008B0501 /* Foundation.framework in Frameworks */ = {isa = PBXBuildFile; fileRef = FC3604391991C18D008B0501 /* Foundation.framework */; };
		FC36045B1991C18D008B0501 /* UIKit.framework in Frameworks */ = {isa = PBXBuildFile; fileRef = FC36043D1991C18D008B0501 /* UIKit.framework */; };
		FC3604631991C18D008B0501 /* InfoPlist.strings in Resources */ = {isa = PBXBuildFile; fileRef = FC3604611991C18D008B0501 /* InfoPlist.strings */; };
		FC3604651991C18D008B0501 /* Moving_Character_TestTests.m in Sources */ = {isa = PBXBuildFile; fileRef = FC3604641991C18D008B0501 /* Moving_Character_TestTests.m */; };
		FCB8FC6919930BAA00F83090 /* BGMCharacterView.m in Sources */ = {isa = PBXBuildFile; fileRef = FCB8FC6819930BAA00F83090 /* BGMCharacterView.m */; };
/* End PBXBuildFile section */

/* Begin PBXContainerItemProxy section */
		FC36045C1991C18D008B0501 /* PBXContainerItemProxy */ = {
			isa = PBXContainerItemProxy;
			containerPortal = FC36042E1991C18D008B0501 /* Project object */;
			proxyType = 1;
			remoteGlobalIDString = FC3604351991C18D008B0501;
			remoteInfo = "Moving Character Test";
		};
/* End PBXContainerItemProxy section */

/* Begin PBXFileReference section */
		FC3604361991C18D008B0501 /* Moving Character Test.app */ = {isa = PBXFileReference; explicitFileType = wrapper.application; includeInIndex = 0; path = "Moving Character Test.app"; sourceTree = BUILT_PRODUCTS_DIR; };
		FC3604391991C18D008B0501 /* Foundation.framework */ = {isa = PBXFileReference; lastKnownFileType = wrapper.framework; name = Foundation.framework; path = System/Library/Frameworks/Foundation.framework; sourceTree = SDKROOT; };
		FC36043B1991C18D008B0501 /* CoreGraphics.framework */ = {isa = PBXFileReference; lastKnownFileType = wrapper.framework; name = CoreGraphics.framework; path = System/Library/Frameworks/CoreGraphics.framework; sourceTree = SDKROOT; };
		FC36043D1991C18D008B0501 /* UIKit.framework */ = {isa = PBXFileReference; lastKnownFileType = wrapper.framework; name = UIKit.framework; path = System/Library/Frameworks/UIKit.framework; sourceTree = SDKROOT; };
		FC3604411991C18D008B0501 /* Moving Character Test-Info.plist */ = {isa = PBXFileReference; lastKnownFileType = text.plist.xml; path = "Moving Character Test-Info.plist"; sourceTree = "<group>"; };
		FC3604431991C18D008B0501 /* en */ = {isa = PBXFileReference; lastKnownFileType = text.plist.strings; name = en; path = en.lproj/InfoPlist.strings; sourceTree = "<group>"; };
		FC3604451991C18D008B0501 /* main.m */ = {isa = PBXFileReference; lastKnownFileType = sourcecode.c.objc; path = main.m; sourceTree = "<group>"; };
		FC3604471991C18D008B0501 /* Moving Character Test-Prefix.pch */ = {isa = PBXFileReference; lastKnownFileType = sourcecode.c.h; path = "Moving Character Test-Prefix.pch"; sourceTree = "<group>"; };
		FC3604481991C18D008B0501 /* BGMAppDelegate.h */ = {isa = PBXFileReference; lastKnownFileType = sourcecode.c.h; path = BGMAppDelegate.h; sourceTree = "<group>"; };
		FC3604491991C18D008B0501 /* BGMAppDelegate.m */ = {isa = PBXFileReference; lastKnownFileType = sourcecode.c.objc; path = BGMAppDelegate.m; sourceTree = "<group>"; };
		FC36044C1991C18D008B0501 /* Base */ = {isa = PBXFileReference; lastKnownFileType = file.storyboard; name = Base; path = Base.lproj/Main.storyboard; sourceTree = "<group>"; };
		FC36044E1991C18D008B0501 /* BGMViewController.h */ = {isa = PBXFileReference; lastKnownFileType = sourcecode.c.h; path = BGMViewController.h; sourceTree = "<group>"; };
		FC36044F1991C18D008B0501 /* BGMViewController.m */ = {isa = PBXFileReference; lastKnownFileType = sourcecode.c.objc; path = BGMViewController.m; sourceTree = "<group>"; };
		FC3604511991C18D008B0501 /* Images.xcassets */ = {isa = PBXFileReference; lastKnownFileType = folder.assetcatalog; path = Images.xcassets; sourceTree = "<group>"; };
		FC3604571991C18D008B0501 /* Moving Character TestTests.xctest */ = {isa = PBXFileReference; explicitFileType = wrapper.cfbundle; includeInIndex = 0; path = "Moving Character TestTests.xctest"; sourceTree = BUILT_PRODUCTS_DIR; };
		FC3604581991C18D008B0501 /* XCTest.framework */ = {isa = PBXFileReference; lastKnownFileType = wrapper.framework; name = XCTest.framework; path = Library/Frameworks/XCTest.framework; sourceTree = DEVELOPER_DIR; };
		FC3604601991C18D008B0501 /* Moving Character TestTests-Info.plist */ = {isa = PBXFileReference; lastKnownFileType = text.plist.xml; path = "Moving Character TestTests-Info.plist"; sourceTree = "<group>"; };
		FC3604621991C18D008B0501 /* en */ = {isa = PBXFileReference; lastKnownFileType = text.plist.strings; name = en; path = en.lproj/InfoPlist.strings; sourceTree = "<group>"; };
		FC3604641991C18D008B0501 /* Moving_Character_TestTests.m */ = {isa = PBXFileReference; lastKnownFileType = sourcecode.c.objc; path = Moving_Character_TestTests.m; sourceTree = "<group>"; };
		FCB8FC6719930BAA00F83090 /* BGMCharacterView.h */ = {isa = PBXFileReference; fileEncoding = 4; lastKnownFileType = sourcecode.c.h; path = BGMCharacterView.h; sourceTree = "<group>"; };
		FCB8FC6819930BAA00F83090 /* BGMCharacterView.m */ = {isa = PBXFileReference; fileEncoding = 4; lastKnownFileType = sourcecode.c.objc; path = BGMCharacterView.m; sourceTree = "<group>"; };
/* End PBXFileReference section */

/* Begin PBXFrameworksBuildPhase section */
		FC3604331991C18D008B0501 /* Frameworks */ = {
			isa = PBXFrameworksBuildPhase;
			buildActionMask = 2147483647;
			files = (
				FC36043C1991C18D008B0501 /* CoreGraphics.framework in Frameworks */,
				FC36043E1991C18D008B0501 /* UIKit.framework in Frameworks */,
				FC36043A1991C18D008B0501 /* Foundation.framework in Frameworks */,
			);
			runOnlyForDeploymentPostprocessing = 0;
		};
		FC3604541991C18D008B0501 /* Frameworks */ = {
			isa = PBXFrameworksBuildPhase;
			buildActionMask = 2147483647;
			files = (
				FC3604591991C18D008B0501 /* XCTest.framework in Frameworks */,
				FC36045B1991C18D008B0501 /* UIKit.framework in Frameworks */,
				FC36045A1991C18D008B0501 /* Foundation.framework in Frameworks */,
			);
			runOnlyForDeploymentPostprocessing = 0;
		};
/* End PBXFrameworksBuildPhase section */

/* Begin PBXGroup section */
		FC36042D1991C18D008B0501 = {
			isa = PBXGroup;
			children = (
				FC36043F1991C18D008B0501 /* Moving Character Test */,
				FC36045E1991C18D008B0501 /* Moving Character TestTests */,
				FC3604381991C18D008B0501 /* Frameworks */,
				FC3604371991C18D008B0501 /* Products */,
			);
			sourceTree = "<group>";
		};
		FC3604371991C18D008B0501 /* Products */ = {
			isa = PBXGroup;
			children = (
				FC3604361991C18D008B0501 /* Moving Character Test.app */,
				FC3604571991C18D008B0501 /* Moving Character TestTests.xctest */,
			);
			name = Products;
			sourceTree = "<group>";
		};
		FC3604381991C18D008B0501 /* Frameworks */ = {
			isa = PBXGroup;
			children = (
				FC3604391991C18D008B0501 /* Foundation.framework */,
				FC36043B1991C18D008B0501 /* CoreGraphics.framework */,
				FC36043D1991C18D008B0501 /* UIKit.framework */,
				FC3604581991C18D008B0501 /* XCTest.framework */,
			);
			name = Frameworks;
			sourceTree = "<group>";
		};
		FC36043F1991C18D008B0501 /* Moving Character Test */ = {
			isa = PBXGroup;
			children = (
				FC3604481991C18D008B0501 /* BGMAppDelegate.h */,
				FC3604491991C18D008B0501 /* BGMAppDelegate.m */,
				FC36044B1991C18D008B0501 /* Main.storyboard */,
				FC36044E1991C18D008B0501 /* BGMViewController.h */,
				FC36044F1991C18D008B0501 /* BGMViewController.m */,
				FCB8FC6719930BAA00F83090 /* BGMCharacterView.h */,
				FCB8FC6819930BAA00F83090 /* BGMCharacterView.m */,
				FC3604511991C18D008B0501 /* Images.xcassets */,
				FC3604401991C18D008B0501 /* Supporting Files */,
			);
			path = "Moving Character Test";
			sourceTree = "<group>";
		};
		FC3604401991C18D008B0501 /* Supporting Files */ = {
			isa = PBXGroup;
			children = (
				FC3604411991C18D008B0501 /* Moving Character Test-Info.plist */,
				FC3604421991C18D008B0501 /* InfoPlist.strings */,
				FC3604451991C18D008B0501 /* main.m */,
				FC3604471991C18D008B0501 /* Moving Character Test-Prefix.pch */,
			);
			name = "Supporting Files";
			sourceTree = "<group>";
		};
		FC36045E1991C18D008B0501 /* Moving Character TestTests */ = {
			isa = PBXGroup;
			children = (
				FC3604641991C18D008B0501 /* Moving_Character_TestTests.m */,
				FC36045F1991C18D008B0501 /* Supporting Files */,
			);
			path = "Moving Character TestTests";
			sourceTree = "<group>";
		};
		FC36045F1991C18D008B0501 /* Supporting Files */ = {
			isa = PBXGroup;
			children = (
				FC3604601991C18D008B0501 /* Moving Character TestTests-Info.plist */,
				FC3604611991C18D008B0501 /* InfoPlist.strings */,
			);
			name = "Supporting Files";
			sourceTree = "<group>";
		};
/* End PBXGroup section */

/* Begin PBXNativeTarget section */
		FC3604351991C18D008B0501 /* Moving Character Test */ = {
			isa = PBXNativeTarget;
			buildConfigurationList = FC3604681991C18D008B0501 /* Build configuration list for PBXNativeTarget "Moving Character Test" */;
			buildPhases = (
				FC3604321991C18D008B0501 /* Sources */,
				FC3604331991C18D008B0501 /* Frameworks */,
				FC3604341991C18D008B0501 /* Resources */,
			);
			buildRules = (
			);
			dependencies = (
			);
			name = "Moving Character Test";
			productName = "Moving Character Test";
			productReference = FC3604361991C18D008B0501 /* Moving Character Test.app */;
			productType = "com.apple.product-type.application";
		};
		FC3604561991C18D008B0501 /* Moving Character TestTests */ = {
			isa = PBXNativeTarget;
			buildConfigurationList = FC36046B1991C18D008B0501 /* Build configuration list for PBXNativeTarget "Moving Character TestTests" */;
			buildPhases = (
				FC3604531991C18D008B0501 /* Sources */,
				FC3604541991C18D008B0501 /* Frameworks */,
				FC3604551991C18D008B0501 /* Resources */,
			);
			buildRules = (
			);
			dependencies = (
				FC36045D1991C18D008B0501 /* PBXTargetDependency */,
			);
			name = "Moving Character TestTests";
			productName = "Moving Character TestTests";
			productReference = FC3604571991C18D008B0501 /* Moving Character TestTests.xctest */;
			productType = "com.apple.product-type.bundle.unit-test";
		};
/* End PBXNativeTarget section */

/* Begin PBXProject section */
		FC36042E1991C18D008B0501 /* Project object */ = {
			isa = PBXProject;
			attributes = {
				CLASSPREFIX = BGM;
				LastUpgradeCheck = 0510;
				ORGANIZATIONNAME = "馬 岩";
				TargetAttributes = {
					FC3604561991C18D008B0501 = {
						TestTargetID = FC3604351991C18D008B0501;
					};
				};
			};
			buildConfigurationList = FC3604311991C18D008B0501 /* Build configuration list for PBXProject "Moving Character Test" */;
			compatibilityVersion = "Xcode 3.2";
			developmentRegion = English;
			hasScannedForEncodings = 0;
			knownRegions = (
				en,
				Base,
			);
			mainGroup = FC36042D1991C18D008B0501;
			productRefGroup = FC3604371991C18D008B0501 /* Products */;
			projectDirPath = "";
			projectRoot = "";
			targets = (
				FC3604351991C18D008B0501 /* Moving Character Test */,
				FC3604561991C18D008B0501 /* Moving Character TestTests */,
			);
		};
/* End PBXProject section */

/* Begin PBXResourcesBuildPhase section */
		FC3604341991C18D008B0501 /* Resources */ = {
			isa = PBXResourcesBuildPhase;
			buildActionMask = 2147483647;
			files = (
				FC3604521991C18D008B0501 /* Images.xcassets in Resources */,
				FC3604441991C18D008B0501 /* InfoPlist.strings in Resources */,
				FC36044D1991C18D008B0501 /* Main.storyboard in Resources */,
			);
			runOnlyForDeploymentPostprocessing = 0;
		};
		FC3604551991C18D008B0501 /* Resources */ = {
			isa = PBXResourcesBuildPhase;
			buildActionMask = 2147483647;
			files = (
				FC3604631991C18D008B0501 /* InfoPlist.strings in Resources */,
			);
			runOnlyForDeploymentPostprocessing = 0;
		};
/* End PBXResourcesBuildPhase section */

/* Begin PBXSourcesBuildPhase section */
		FC3604321991C18D008B0501 /* Sources */ = {
			isa = PBXSourcesBuildPhase;
			buildActionMask = 2147483647;
			files = (
				FC3604461991C18D008B0501 /* main.m in Sources */,
				FC36044A1991C18D008B0501 /* BGMAppDelegate.m in Sources */,
				FC3604501991C18D008B0501 /* BGMViewController.m in Sources */,
				FCB8FC6919930BAA00F83090 /* BGMCharacterView.m in Sources */,
			);
			runOnlyForDeploymentPostprocessing = 0;
		};
		FC3604531991C18D008B0501 /* Sources */ = {
			isa = PBXSourcesBuildPhase;
			buildActionMask = 2147483647;
			files = (
				FC3604651991C18D008B0501 /* Moving_Character_TestTests.m in Sources */,
			);
			runOnlyForDeploymentPostprocessing = 0;
		};
/* End PBXSourcesBuildPhase section */

/* Begin PBXTargetDependency section */
		FC36045D1991C18D008B0501 /* PBXTargetDependency */ = {
			isa = PBXTargetDependency;
			target = FC3604351991C18D008B0501 /* Moving Character Test */;
			targetProxy = FC36045C1991C18D008B0501 /* PBXContainerItemProxy */;
		};
/* End PBXTargetDependency section */

/* Begin PBXVariantGroup section */
		FC3604421991C18D008B0501 /* InfoPlist.strings */ = {
			isa = PBXVariantGroup;
			children = (
				FC3604431991C18D008B0501 /* en */,
			);
			name = InfoPlist.strings;
			sourceTree = "<group>";
		};
		FC36044B1991C18D008B0501 /* Main.storyboard */ = {
			isa = PBXVariantGroup;
			children = (
				FC36044C1991C18D008B0501 /* Base */,
			);
			name = Main.storyboard;
			sourceTree = "<group>";
		};
		FC3604611991C18D008B0501 /* InfoPlist.strings */ = {
			isa = PBXVariantGroup;
			children = (
				FC3604621991C18D008B0501 /* en */,
			);
			name = InfoPlist.strings;
			sourceTree = "<group>";
		};
/* End PBXVariantGroup section */

/* Begin XCBuildConfiguration section */
		FC3604661991C18D008B0501 /* Debug */ = {
			isa = XCBuildConfiguration;
			buildSettings = {
				ALWAYS_SEARCH_USER_PATHS = NO;
				CLANG_CXX_LANGUAGE_STANDARD = "gnu++0x";
				CLANG_CXX_LIBRARY = "libc++";
				CLANG_ENABLE_MODULES = YES;
				CLANG_ENABLE_OBJC_ARC = YES;
				CLANG_WARN_BOOL_CONVERSION = YES;
				CLANG_WARN_CONSTANT_CONVERSION = YES;
				CLANG_WARN_DIRECT_OBJC_ISA_USAGE = YES_ERROR;
				CLANG_WARN_EMPTY_BODY = YES;
				CLANG_WARN_ENUM_CONVERSION = YES;
				CLANG_WARN_INT_CONVERSION = YES;
				CLANG_WARN_OBJC_ROOT_CLASS = YES_ERROR;
				CLANG_WARN__DUPLICATE_METHOD_MATCH = YES;
				"CODE_SIGN_IDENTITY[sdk=iphoneos*]" = "iPhone Developer";
				COPY_PHASE_STRIP = NO;
				GCC_C_LANGUAGE_STANDARD = gnu99;
				GCC_DYNAMIC_NO_PIC = NO;
				GCC_OPTIMIZATION_LEVEL = 0;
				GCC_PREPROCESSOR_DEFINITIONS = (
					"DEBUG=1",
					"$(inherited)",
				);
				GCC_SYMBOLS_PRIVATE_EXTERN = NO;
				GCC_WARN_64_TO_32_BIT_CONVERSION = YES;
				GCC_WARN_ABOUT_RETURN_TYPE = YES_ERROR;
				GCC_WARN_UNDECLARED_SELECTOR = YES;
				GCC_WARN_UNINITIALIZED_AUTOS = YES_AGGRESSIVE;
				GCC_WARN_UNUSED_FUNCTION = YES;
				GCC_WARN_UNUSED_VARIABLE = YES;
				IPHONEOS_DEPLOYMENT_TARGET = 7.1;
				ONLY_ACTIVE_ARCH = YES;
				SDKROOT = iphoneos;
				TARGETED_DEVICE_FAMILY = 2;
			};
			name = Debug;
		};
		FC3604671991C18D008B0501 /* Release */ = {
			isa = XCBuildConfiguration;
			buildSettings = {
				ALWAYS_SEARCH_USER_PATHS = NO;
				CLANG_CXX_LANGUAGE_STANDARD = "gnu++0x";
				CLANG_CXX_LIBRARY = "libc++";
				CLANG_ENABLE_MODULES = YES;
				CLANG_ENABLE_OBJC_ARC = YES;
				CLANG_WARN_BOOL_CONVERSION = YES;
				CLANG_WARN_CONSTANT_CONVERSION = YES;
				CLANG_WARN_DIRECT_OBJC_ISA_USAGE = YES_ERROR;
				CLANG_WARN_EMPTY_BODY = YES;
				CLANG_WARN_ENUM_CONVERSION = YES;
				CLANG_WARN_INT_CONVERSION = YES;
				CLANG_WARN_OBJC_ROOT_CLASS = YES_ERROR;
				CLANG_WARN__DUPLICATE_METHOD_MATCH = YES;
				"CODE_SIGN_IDENTITY[sdk=iphoneos*]" = "iPhone Developer";
				COPY_PHASE_STRIP = YES;
				ENABLE_NS_ASSERTIONS = NO;
				GCC_C_LANGUAGE_STANDARD = gnu99;
				GCC_WARN_64_TO_32_BIT_CONVERSION = YES;
				GCC_WARN_ABOUT_RETURN_TYPE = YES_ERROR;
				GCC_WARN_UNDECLARED_SELECTOR = YES;
				GCC_WARN_UNINITIALIZED_AUTOS = YES_AGGRESSIVE;
				GCC_WARN_UNUSED_FUNCTION = YES;
				GCC_WARN_UNUSED_VARIABLE = YES;
				IPHONEOS_DEPLOYMENT_TARGET = 7.1;
				SDKROOT = iphoneos;
				TARGETED_DEVICE_FAMILY = 2;
				VALIDATE_PRODUCT = YES;
			};
			name = Release;
		};
		FC3604691991C18D008B0501 /* Debug */ = {
			isa = XCBuildConfiguration;
			buildSettings = {
				ASSETCATALOG_COMPILER_APPICON_NAME = AppIcon;
				ASSETCATALOG_COMPILER_LAUNCHIMAGE_NAME = LaunchImage;
				GCC_PRECOMPILE_PREFIX_HEADER = YES;
				GCC_PREFIX_HEADER = "Moving Character Test/Moving Character Test-Prefix.pch";
				INFOPLIST_FILE = "Moving Character Test/Moving Character Test-Info.plist";
				PRODUCT_NAME = "$(TARGET_NAME)";
				WRAPPER_EXTENSION = app;
			};
			name = Debug;
		};
		FC36046A1991C18D008B0501 /* Release */ = {
			isa = XCBuildConfiguration;
			buildSettings = {
				ASSETCATALOG_COMPILER_APPICON_NAME = AppIcon;
				ASSETCATALOG_COMPILER_LAUNCHIMAGE_NAME = LaunchImage;
				GCC_PRECOMPILE_PREFIX_HEADER = YES;
				GCC_PREFIX_HEADER = "Moving Character Test/Moving Character Test-Prefix.pch";
				INFOPLIST_FILE = "Moving Character Test/Moving Character Test-Info.plist";
				PRODUCT_NAME = "$(TARGET_NAME)";
				WRAPPER_EXTENSION = app;
			};
			name = Release;
		};
		FC36046C1991C18D008B0501 /* Debug */ = {
			isa = XCBuildConfiguration;
			buildSettings = {
				BUNDLE_LOADER = "$(BUILT_PRODUCTS_DIR)/Moving Character Test.app/Moving Character Test";
				FRAMEWORK_SEARCH_PATHS = (
					"$(SDKROOT)/Developer/Library/Frameworks",
					"$(inherited)",
					"$(DEVELOPER_FRAMEWORKS_DIR)",
				);
				GCC_PRECOMPILE_PREFIX_HEADER = YES;
				GCC_PREFIX_HEADER = "Moving Character Test/Moving Character Test-Prefix.pch";
				GCC_PREPROCESSOR_DEFINITIONS = (
					"DEBUG=1",
					"$(inherited)",
				);
				INFOPLIST_FILE = "Moving Character TestTests/Moving Character TestTests-Info.plist";
				PRODUCT_NAME = "$(TARGET_NAME)";
				TEST_HOST = "$(BUNDLE_LOADER)";
				WRAPPER_EXTENSION = xctest;
			};
			name = Debug;
		};
		FC36046D1991C18D008B0501 /* Release */ = {
			isa = XCBuildConfiguration;
			buildSettings = {
				BUNDLE_LOADER = "$(BUILT_PRODUCTS_DIR)/Moving Character Test.app/Moving Character Test";
				FRAMEWORK_SEARCH_PATHS = (
					"$(SDKROOT)/Developer/Library/Frameworks",
					"$(inherited)",
					"$(DEVELOPER_FRAMEWORKS_DIR)",
				);
				GCC_PRECOMPILE_PREFIX_HEADER = YES;
				GCC_PREFIX_HEADER = "Moving Character Test/Moving Character Test-Prefix.pch";
				INFOPLIST_FILE = "Moving Character TestTests/Moving Character TestTests-Info.plist";
				PRODUCT_NAME = "$(TARGET_NAME)";
				TEST_HOST = "$(BUNDLE_LOADER)";
				WRAPPER_EXTENSION = xctest;
			};
			name = Release;
		};
/* End XCBuildConfiguration section */

/* Begin XCConfigurationList section */
		FC3604311991C18D008B0501 /* Build configuration list for PBXProject "Moving Character Test" */ = {
			isa = XCConfigurationList;
			buildConfigurations = (
				FC3604661991C18D008B0501 /* Debug */,
				FC3604671991C18D008B0501 /* Release */,
			);
			defaultConfigurationIsVisible = 0;
			defaultConfigurationName = Release;
		};
		FC3604681991C18D008B0501 /* Build configuration list for PBXNativeTarget "Moving Character Test" */ = {
			isa = XCConfigurationList;
			buildConfigurations = (
				FC3604691991C18D008B0501 /* Debug */,
				FC36046A1991C18D008B0501 /* Release */,
			);
			defaultConfigurationIsVisible = 0;
			defaultConfigurationName = Release;
		};
		FC36046B1991C18D008B0501 /* Build configuration list for PBXNativeTarget "Moving Character TestTests" */ = {
			isa = XCConfigurationList;
			buildConfigurations = (
				FC36046C1991C18D008B0501 /* Debug */,
				FC36046D1991C18D008B0501 /* Release */,
			);
			defaultConfigurationIsVisible = 0;
			defaultConfigurationName = Release;
		};
/* End XCConfigurationList section */
	};
	rootObject = FC36042E1991C18D008B0501 /* Project object */;
}
